# This file is automatically @generated by Cargo.
# It is not intended for manual editing.
[[package]]
name = "collatz_sequence"
version = "0.1.0"

[[package]]
name = "date"
version = "0.1.0"

[[package]]
name = "fibonacci_sequence"
version = "0.1.0"

[[package]]
name = "find_primes"
version = "0.1.0"

[[package]]
name = "path_sum_triangle"
version = "0.1.0"

[[package]]
name = "prime_factors"
version = "0.1.0"

[[package]]
name = "problems"
version = "0.1.0"
dependencies = [
 "collatz_sequence 0.1.0",
 "date 0.1.0",
 "fibonacci_sequence 0.1.0",
 "find_primes 0.1.0",
 "path_sum_triangle 0.1.0",
 "prime_factors 0.1.0",
 "triangular_number_sequence 0.1.0",
]

[[package]]
name = "triangular_number_sequence"
version = "0.1.0"

