# This file is automatically @generated by Cargo.
# It is not intended for manual editing.
[[package]]
name = "collatz_sequence"
version = "0.1.0"

[[package]]
name = "date"
version = "0.1.0"

[[package]]
name = "fibonacci"
version = "0.1.0"

[[package]]
name = "path_sum_triangle"
version = "0.1.0"

[[package]]
name = "prime_factors"
version = "0.1.0"

[[package]]
name = "prime_table"
version = "0.1.0"

[[package]]
name = "rust-euler"
version = "0.1.0"
dependencies = [
 "collatz_sequence 0.1.0",
 "date 0.1.0",
 "fibonacci 0.1.0",
 "path_sum_triangle 0.1.0",
 "prime_factors 0.1.0",
 "prime_table 0.1.0",
 "triangular_number 0.1.0",
]

[[package]]
name = "triangular_number"
version = "0.1.0"

